
Microsoft Visual Studio Solution File, Format Version 12.00
# Visual Studio 15
VisualStudioVersion = 15.0.27130.2036
MinimumVisualStudioVersion = 10.0.40219.1
Project("{FAE04EC0-301F-11D3-BF4B-00C04F79EFBC}") = "SortingAlgorithms", "SortingAlgorithms\SortingAlgorithms.csproj", "{D7A29E64-E112-421F-8FDF-AD3F95A59C45}"
EndProject
Global
	GlobalSection(SolutionConfigurationPlatforms) = preSolution
		Debug|Any CPU = Debug|Any CPU
		Release|Any CPU = Release|Any CPU
	EndGlobalSection
	GlobalSection(ProjectConfigurationPlatforms) = postSolution
		{D7A29E64-E112-421F-8FDF-AD3F95A59C45}.Debug|Any CPU.ActiveCfg = Debug|Any CPU
		{D7A29E64-E112-421F-8FDF-AD3F95A59C45}.Debug|Any CPU.Build.0 = Debug|Any CPU
		{D7A29E64-E112-421F-8FDF-AD3F95A59C45}.Release|Any CPU.ActiveCfg = Release|Any CPU
		{D7A29E64-E112-421F-8FDF-AD3F95A59C45}.Release|Any CPU.Build.0 = Release|Any CPU
	EndGlobalSection
	GlobalSection(SolutionProperties) = preSolution
		HideSolutionNode = FALSE
	EndGlobalSection
	GlobalSection(ExtensibilityGlobals) = postSolution
		SolutionGuid = {BE8E5849-AAA0-43E5-962C-0B9275792604}
	EndGlobalSection
EndGlobal
